
Microsoft Visual Studio Solution File, Format Version 12.00
# Visual Studio Version 16
VisualStudioVersion = 16.0.30320.27
MinimumVisualStudioVersion = 10.0.40219.1
Project("{9A19103F-16F7-4668-BE54-9A1E7A4F7556}") = "XamarinNativeExamples.Core", "XamarinNativeExamples.Core\XamarinNativeExamples.Core.csproj", "{32057588-4C34-4DB2-9911-170060E72EDE}"
EndProject
Project("{FAE04EC0-301F-11D3-BF4B-00C04F79EFBC}") = "XamarinNativeExamples.iOS", "XamarinNativeExamples.iOS\XamarinNativeExamples.iOS.csproj", "{76A13137-41C6-44A9-B433-7956880DDA76}"
EndProject
Project("{FAE04EC0-301F-11D3-BF4B-00C04F79EFBC}") = "XamarinNativeExamples.Droid", "XamarinNativeExamples.Droid\XamarinNativeExamples.Droid.csproj", "{43819241-1629-49A4-ABA3-3F6D16E65FAB}"
EndProject
Project("{FAE04EC0-301F-11D3-BF4B-00C04F79EFBC}") = "XamarinNativeExamples.UITest", "XamarinNativeExamples.UITest\XamarinNativeExamples.UITest.csproj", "{77D0A5A4-A958-4872-919C-3272BA9376A4}"
EndProject
Project("{2150E333-8FDC-42A3-9474-1A3956D46DE8}") = "Tests", "Tests", "{1199898E-E723-4CBC-BE32-FBD02394D415}"
EndProject
Project("{FAE04EC0-301F-11D3-BF4B-00C04F79EFBC}") = "XamarinNativeExamples.Core.Tests", "XamarinNativeExamples.Core.Tests\XamarinNativeExamples.Core.Tests.csproj", "{EAE1E925-5B92-4AEF-945C-77867FEC0464}"
EndProject
Global
	GlobalSection(SolutionConfigurationPlatforms) = preSolution
		Debug|Any CPU = Debug|Any CPU
		Debug|iPhone = Debug|iPhone
		Debug|iPhoneSimulator = Debug|iPhoneSimulator
		Release|Any CPU = Release|Any CPU
		Release|iPhone = Release|iPhone
		Release|iPhoneSimulator = Release|iPhoneSimulator
	EndGlobalSection
	GlobalSection(ProjectConfigurationPlatforms) = postSolution
		{32057588-4C34-4DB2-9911-170060E72EDE}.Debug|Any CPU.ActiveCfg = Debug|Any CPU
		{32057588-4C34-4DB2-9911-170060E72EDE}.Debug|Any CPU.Build.0 = Debug|Any CPU
		{32057588-4C34-4DB2-9911-170060E72EDE}.Debug|iPhone.ActiveCfg = Debug|Any CPU
		{32057588-4C34-4DB2-9911-170060E72EDE}.Debug|iPhone.Build.0 = Debug|Any CPU
		{32057588-4C34-4DB2-9911-170060E72EDE}.Debug|iPhoneSimulator.ActiveCfg = Debug|Any CPU
		{32057588-4C34-4DB2-9911-170060E72EDE}.Debug|iPhoneSimulator.Build.0 = Debug|Any CPU
		{32057588-4C34-4DB2-9911-170060E72EDE}.Release|Any CPU.ActiveCfg = Release|Any CPU
		{32057588-4C34-4DB2-9911-170060E72EDE}.Release|Any CPU.Build.0 = Release|Any CPU
		{32057588-4C34-4DB2-9911-170060E72EDE}.Release|iPhone.ActiveCfg = Release|Any CPU
		{32057588-4C34-4DB2-9911-170060E72EDE}.Release|iPhone.Build.0 = Release|Any CPU
		{32057588-4C34-4DB2-9911-170060E72EDE}.Release|iPhoneSimulator.ActiveCfg = Release|Any CPU
		{32057588-4C34-4DB2-9911-170060E72EDE}.Release|iPhoneSimulator.Build.0 = Release|Any CPU
		{76A13137-41C6-44A9-B433-7956880DDA76}.Debug|Any CPU.ActiveCfg = Debug|iPhone
		{76A13137-41C6-44A9-B433-7956880DDA76}.Debug|iPhone.ActiveCfg = Debug|iPhone
		{76A13137-41C6-44A9-B433-7956880DDA76}.Debug|iPhone.Build.0 = Debug|iPhone
		{76A13137-41C6-44A9-B433-7956880DDA76}.Debug|iPhoneSimulator.ActiveCfg = Debug|iPhoneSimulator
		{76A13137-41C6-44A9-B433-7956880DDA76}.Debug|iPhoneSimulator.Build.0 = Debug|iPhoneSimulator
		{76A13137-41C6-44A9-B433-7956880DDA76}.Release|Any CPU.ActiveCfg = Release|iPhone
		{76A13137-41C6-44A9-B433-7956880DDA76}.Release|iPhone.ActiveCfg = Release|iPhone
		{76A13137-41C6-44A9-B433-7956880DDA76}.Release|iPhone.Build.0 = Release|iPhone
		{76A13137-41C6-44A9-B433-7956880DDA76}.Release|iPhoneSimulator.ActiveCfg = Release|iPhoneSimulator
		{76A13137-41C6-44A9-B433-7956880DDA76}.Release|iPhoneSimulator.Build.0 = Release|iPhoneSimulator
		{43819241-1629-49A4-ABA3-3F6D16E65FAB}.Debug|Any CPU.ActiveCfg = Debug|Any CPU
		{43819241-1629-49A4-ABA3-3F6D16E65FAB}.Debug|Any CPU.Build.0 = Debug|Any CPU
		{43819241-1629-49A4-ABA3-3F6D16E65FAB}.Debug|Any CPU.Deploy.0 = Debug|Any CPU
		{43819241-1629-49A4-ABA3-3F6D16E65FAB}.Debug|iPhone.ActiveCfg = Debug|Any CPU
		{43819241-1629-49A4-ABA3-3F6D16E65FAB}.Debug|iPhone.Build.0 = Debug|Any CPU
		{43819241-1629-49A4-ABA3-3F6D16E65FAB}.Debug|iPhone.Deploy.0 = Debug|Any CPU
		{43819241-1629-49A4-ABA3-3F6D16E65FAB}.Debug|iPhoneSimulator.ActiveCfg = Debug|Any CPU
		{43819241-1629-49A4-ABA3-3F6D16E65FAB}.Debug|iPhoneSimulator.Build.0 = Debug|Any CPU
		{43819241-1629-49A4-ABA3-3F6D16E65FAB}.Debug|iPhoneSimulator.Deploy.0 = Debug|Any CPU
		{43819241-1629-49A4-ABA3-3F6D16E65FAB}.Release|Any CPU.ActiveCfg = Release|Any CPU
		{43819241-1629-49A4-ABA3-3F6D16E65FAB}.Release|Any CPU.Build.0 = Release|Any CPU
		{43819241-1629-49A4-ABA3-3F6D16E65FAB}.Release|Any CPU.Deploy.0 = Release|Any CPU
		{43819241-1629-49A4-ABA3-3F6D16E65FAB}.Release|iPhone.ActiveCfg = Release|Any CPU
		{43819241-1629-49A4-ABA3-3F6D16E65FAB}.Release|iPhone.Build.0 = Release|Any CPU
		{43819241-1629-49A4-ABA3-3F6D16E65FAB}.Release|iPhone.Deploy.0 = Release|Any CPU
		{43819241-1629-49A4-ABA3-3F6D16E65FAB}.Release|iPhoneSimulator.ActiveCfg = Release|Any CPU
		{43819241-1629-49A4-ABA3-3F6D16E65FAB}.Release|iPhoneSimulator.Build.0 = Release|Any CPU
		{43819241-1629-49A4-ABA3-3F6D16E65FAB}.Release|iPhoneSimulator.Deploy.0 = Release|Any CPU
		{EAE1E925-5B92-4AEF-945C-77867FEC0464}.Debug|iPhoneSimulator.ActiveCfg = Debug|Any CPU
		{EAE1E925-5B92-4AEF-945C-77867FEC0464}.Debug|iPhoneSimulator.Build.0 = Debug|Any CPU
	EndGlobalSection
	GlobalSection(SolutionProperties) = preSolution
		HideSolutionNode = FALSE
	EndGlobalSection
	GlobalSection(ExtensibilityGlobals) = postSolution
		SolutionGuid = {FAD74F9C-CD28-4CA7-9C28-ECCA8D338758}
	EndGlobalSection
	GlobalSection(NestedProjects) = preSolution
		{EAE1E925-5B92-4AEF-945C-77867FEC0464} = {1199898E-E723-4CBC-BE32-FBD02394D415}
	EndGlobalSection
EndGlobal
